
Microsoft Visual Studio Solution File, Format Version 12.00
# Visual Studio 15
VisualStudioVersion = 15.0.28010.2026
MinimumVisualStudioVersion = 10.0.40219.1
Project("{FAE04EC0-301F-11D3-BF4B-00C04F79EFBC}") = "AppEventos.Android", "AppEventos\AppEventos.Android\AppEventos.Android.csproj", "{05181C33-B673-4ACB-BE1A-2F1D8FE10941}"
EndProject
Project("{FAE04EC0-301F-11D3-BF4B-00C04F79EFBC}") = "AppEventos.iOS", "AppEventos\AppEventos.iOS\AppEventos.iOS.csproj", "{95DFC9C1-27FA-4894-B130-93B12E251998}"
EndProject
Project("{FAE04EC0-301F-11D3-BF4B-00C04F79EFBC}") = "AppEventos.UWP", "AppEventos\AppEventos.UWP\AppEventos.UWP.csproj", "{61F7DB7D-4DC5-472A-95A9-EB647A228176}"
EndProject
Project("{FAE04EC0-301F-11D3-BF4B-00C04F79EFBC}") = "AppEventos", "AppEventos\AppEventos\AppEventos.csproj", "{E4AE680C-75E5-465E-99E9-B2F3D94C1081}"
EndProject
Global
	GlobalSection(SolutionConfigurationPlatforms) = preSolution
		Ad-Hoc|Any CPU = Ad-Hoc|Any CPU
		Ad-Hoc|ARM = Ad-Hoc|ARM
		Ad-Hoc|iPhone = Ad-Hoc|iPhone
		Ad-Hoc|iPhoneSimulator = Ad-Hoc|iPhoneSimulator
		Ad-Hoc|x64 = Ad-Hoc|x64
		Ad-Hoc|x86 = Ad-Hoc|x86
		AppStore|Any CPU = AppStore|Any CPU
		AppStore|ARM = AppStore|ARM
		AppStore|iPhone = AppStore|iPhone
		AppStore|iPhoneSimulator = AppStore|iPhoneSimulator
		AppStore|x64 = AppStore|x64
		AppStore|x86 = AppStore|x86
		Debug|Any CPU = Debug|Any CPU
		Debug|ARM = Debug|ARM
		Debug|iPhone = Debug|iPhone
		Debug|iPhoneSimulator = Debug|iPhoneSimulator
		Debug|x64 = Debug|x64
		Debug|x86 = Debug|x86
		Release|Any CPU = Release|Any CPU
		Release|ARM = Release|ARM
		Release|iPhone = Release|iPhone
		Release|iPhoneSimulator = Release|iPhoneSimulator
		Release|x64 = Release|x64
		Release|x86 = Release|x86
	EndGlobalSection
	GlobalSection(ProjectConfigurationPlatforms) = postSolution
		{05181C33-B673-4ACB-BE1A-2F1D8FE10941}.Ad-Hoc|Any CPU.ActiveCfg = Release|Any CPU
		{05181C33-B673-4ACB-BE1A-2F1D8FE10941}.Ad-Hoc|Any CPU.Build.0 = Release|Any CPU
		{05181C33-B673-4ACB-BE1A-2F1D8FE10941}.Ad-Hoc|Any CPU.Deploy.0 = Release|Any CPU
		{05181C33-B673-4ACB-BE1A-2F1D8FE10941}.Ad-Hoc|ARM.ActiveCfg = Release|Any CPU
		{05181C33-B673-4ACB-BE1A-2F1D8FE10941}.Ad-Hoc|ARM.Build.0 = Release|Any CPU
		{05181C33-B673-4ACB-BE1A-2F1D8FE10941}.Ad-Hoc|ARM.Deploy.0 = Release|Any CPU
		{05181C33-B673-4ACB-BE1A-2F1D8FE10941}.Ad-Hoc|iPhone.ActiveCfg = Release|Any CPU
		{05181C33-B673-4ACB-BE1A-2F1D8FE10941}.Ad-Hoc|iPhone.Build.0 = Release|Any CPU
		{05181C33-B673-4ACB-BE1A-2F1D8FE10941}.Ad-Hoc|iPhone.Deploy.0 = Release|Any CPU
		{05181C33-B673-4ACB-BE1A-2F1D8FE10941}.Ad-Hoc|iPhoneSimulator.ActiveCfg = Release|Any CPU
		{05181C33-B673-4ACB-BE1A-2F1D8FE10941}.Ad-Hoc|iPhoneSimulator.Build.0 = Release|Any CPU
		{05181C33-B673-4ACB-BE1A-2F1D8FE10941}.Ad-Hoc|iPhoneSimulator.Deploy.0 = Release|Any CPU
		{05181C33-B673-4ACB-BE1A-2F1D8FE10941}.Ad-Hoc|x64.ActiveCfg = Release|Any CPU
		{05181C33-B673-4ACB-BE1A-2F1D8FE10941}.Ad-Hoc|x64.Build.0 = Release|Any CPU
		{05181C33-B673-4ACB-BE1A-2F1D8FE10941}.Ad-Hoc|x64.Deploy.0 = Release|Any CPU
		{05181C33-B673-4ACB-BE1A-2F1D8FE10941}.Ad-Hoc|x86.ActiveCfg = Release|Any CPU
		{05181C33-B673-4ACB-BE1A-2F1D8FE10941}.Ad-Hoc|x86.Build.0 = Release|Any CPU
		{05181C33-B673-4ACB-BE1A-2F1D8FE10941}.Ad-Hoc|x86.Deploy.0 = Release|Any CPU
		{05181C33-B673-4ACB-BE1A-2F1D8FE10941}.AppStore|Any CPU.ActiveCfg = Release|Any CPU
		{05181C33-B673-4ACB-BE1A-2F1D8FE10941}.AppStore|Any CPU.Build.0 = Release|Any CPU
		{05181C33-B673-4ACB-BE1A-2F1D8FE10941}.AppStore|Any CPU.Deploy.0 = Release|Any CPU
		{05181C33-B673-4ACB-BE1A-2F1D8FE10941}.AppStore|ARM.ActiveCfg = Release|Any CPU
		{05181C33-B673-4ACB-BE1A-2F1D8FE10941}.AppStore|ARM.Build.0 = Release|Any CPU
		{05181C33-B673-4ACB-BE1A-2F1D8FE10941}.AppStore|ARM.Deploy.0 = Release|Any CPU
		{05181C33-B673-4ACB-BE1A-2F1D8FE10941}.AppStore|iPhone.ActiveCfg = Release|Any CPU
		{05181C33-B673-4ACB-BE1A-2F1D8FE10941}.AppStore|iPhone.Build.0 = Release|Any CPU
		{05181C33-B673-4ACB-BE1A-2F1D8FE10941}.AppStore|iPhone.Deploy.0 = Release|Any CPU
		{05181C33-B673-4ACB-BE1A-2F1D8FE10941}.AppStore|iPhoneSimulator.ActiveCfg = Release|Any CPU
		{05181C33-B673-4ACB-BE1A-2F1D8FE10941}.AppStore|iPhoneSimulator.Build.0 = Release|Any CPU
		{05181C33-B673-4ACB-BE1A-2F1D8FE10941}.AppStore|iPhoneSimulator.Deploy.0 = Release|Any CPU
		{05181C33-B673-4ACB-BE1A-2F1D8FE10941}.AppStore|x64.ActiveCfg = Release|Any CPU
		{05181C33-B673-4ACB-BE1A-2F1D8FE10941}.AppStore|x64.Build.0 = Release|Any CPU
		{05181C33-B673-4ACB-BE1A-2F1D8FE10941}.AppStore|x64.Deploy.0 = Release|Any CPU
		{05181C33-B673-4ACB-BE1A-2F1D8FE10941}.AppStore|x86.ActiveCfg = Release|Any CPU
		{05181C33-B673-4ACB-BE1A-2F1D8FE10941}.AppStore|x86.Build.0 = Release|Any CPU
		{05181C33-B673-4ACB-BE1A-2F1D8FE10941}.AppStore|x86.Deploy.0 = Release|Any CPU
		{05181C33-B673-4ACB-BE1A-2F1D8FE10941}.Debug|Any CPU.ActiveCfg = Debug|Any CPU
		{05181C33-B673-4ACB-BE1A-2F1D8FE10941}.Debug|Any CPU.Build.0 = Debug|Any CPU
		{05181C33-B673-4ACB-BE1A-2F1D8FE10941}.Debug|Any CPU.Deploy.0 = Debug|Any CPU
		{05181C33-B673-4ACB-BE1A-2F1D8FE10941}.Debug|ARM.ActiveCfg = Debug|Any CPU
		{05181C33-B673-4ACB-BE1A-2F1D8FE10941}.Debug|ARM.Build.0 = Debug|Any CPU
		{05181C33-B673-4ACB-BE1A-2F1D8FE10941}.Debug|ARM.Deploy.0 = Debug|Any CPU
		{05181C33-B673-4ACB-BE1A-2F1D8FE10941}.Debug|iPhone.ActiveCfg = Debug|Any CPU
		{05181C33-B673-4ACB-BE1A-2F1D8FE10941}.Debug|iPhone.Build.0 = Debug|Any CPU
		{05181C33-B673-4ACB-BE1A-2F1D8FE10941}.Debug|iPhone.Deploy.0 = Debug|Any CPU
		{05181C33-B673-4ACB-BE1A-2F1D8FE10941}.Debug|iPhoneSimulator.ActiveCfg = Debug|Any CPU
		{05181C33-B673-4ACB-BE1A-2F1D8FE10941}.Debug|iPhoneSimulator.Build.0 = Debug|Any CPU
		{05181C33-B673-4ACB-BE1A-2F1D8FE10941}.Debug|iPhoneSimulator.Deploy.0 = Debug|Any CPU
		{05181C33-B673-4ACB-BE1A-2F1D8FE10941}.Debug|x64.ActiveCfg = Debug|Any CPU
		{05181C33-B673-4ACB-BE1A-2F1D8FE10941}.Debug|x64.Build.0 = Debug|Any CPU
		{05181C33-B673-4ACB-BE1A-2F1D8FE10941}.Debug|x64.Deploy.0 = Debug|Any CPU
		{05181C33-B673-4ACB-BE1A-2F1D8FE10941}.Debug|x86.ActiveCfg = Debug|Any CPU
		{05181C33-B673-4ACB-BE1A-2F1D8FE10941}.Debug|x86.Build.0 = Debug|Any CPU
		{05181C33-B673-4ACB-BE1A-2F1D8FE10941}.Debug|x86.Deploy.0 = Debug|Any CPU
		{05181C33-B673-4ACB-BE1A-2F1D8FE10941}.Release|Any CPU.ActiveCfg = Release|Any CPU
		{05181C33-B673-4ACB-BE1A-2F1D8FE10941}.Release|Any CPU.Build.0 = Release|Any CPU
		{05181C33-B673-4ACB-BE1A-2F1D8FE10941}.Release|Any CPU.Deploy.0 = Release|Any CPU
		{05181C33-B673-4ACB-BE1A-2F1D8FE10941}.Release|ARM.ActiveCfg = Release|Any CPU
		{05181C33-B673-4ACB-BE1A-2F1D8FE10941}.Release|ARM.Build.0 = Release|Any CPU
		{05181C33-B673-4ACB-BE1A-2F1D8FE10941}.Release|ARM.Deploy.0 = Release|Any CPU
		{05181C33-B673-4ACB-BE1A-2F1D8FE10941}.Release|iPhone.ActiveCfg = Release|Any CPU
		{05181C33-B673-4ACB-BE1A-2F1D8FE10941}.Release|iPhone.Build.0 = Release|Any CPU
		{05181C33-B673-4ACB-BE1A-2F1D8FE10941}.Release|iPhone.Deploy.0 = Release|Any CPU
		{05181C33-B673-4ACB-BE1A-2F1D8FE10941}.Release|iPhoneSimulator.ActiveCfg = Release|Any CPU
		{05181C33-B673-4ACB-BE1A-2F1D8FE10941}.Release|iPhoneSimulator.Build.0 = Release|Any CPU
		{05181C33-B673-4ACB-BE1A-2F1D8FE10941}.Release|iPhoneSimulator.Deploy.0 = Release|Any CPU
		{05181C33-B673-4ACB-BE1A-2F1D8FE10941}.Release|x64.ActiveCfg = Release|Any CPU
		{05181C33-B673-4ACB-BE1A-2F1D8FE10941}.Release|x64.Build.0 = Release|Any CPU
		{05181C33-B673-4ACB-BE1A-2F1D8FE10941}.Release|x64.Deploy.0 = Release|Any CPU
		{05181C33-B673-4ACB-BE1A-2F1D8FE10941}.Release|x86.ActiveCfg = Release|Any CPU
		{05181C33-B673-4ACB-BE1A-2F1D8FE10941}.Release|x86.Build.0 = Release|Any CPU
		{05181C33-B673-4ACB-BE1A-2F1D8FE10941}.Release|x86.Deploy.0 = Release|Any CPU
		{95DFC9C1-27FA-4894-B130-93B12E251998}.Ad-Hoc|Any CPU.ActiveCfg = Ad-Hoc|iPhone
		{95DFC9C1-27FA-4894-B130-93B12E251998}.Ad-Hoc|Any CPU.Build.0 = Ad-Hoc|iPhone
		{95DFC9C1-27FA-4894-B130-93B12E251998}.Ad-Hoc|Any CPU.Deploy.0 = Ad-Hoc|iPhone
		{95DFC9C1-27FA-4894-B130-93B12E251998}.Ad-Hoc|ARM.ActiveCfg = Ad-Hoc|iPhone
		{95DFC9C1-27FA-4894-B130-93B12E251998}.Ad-Hoc|ARM.Build.0 = Ad-Hoc|iPhone
		{95DFC9C1-27FA-4894-B130-93B12E251998}.Ad-Hoc|ARM.Deploy.0 = Ad-Hoc|iPhone
		{95DFC9C1-27FA-4894-B130-93B12E251998}.Ad-Hoc|iPhone.ActiveCfg = Ad-Hoc|iPhone
		{95DFC9C1-27FA-4894-B130-93B12E251998}.Ad-Hoc|iPhone.Build.0 = Ad-Hoc|iPhone
		{95DFC9C1-27FA-4894-B130-93B12E251998}.Ad-Hoc|iPhone.Deploy.0 = Ad-Hoc|iPhone
		{95DFC9C1-27FA-4894-B130-93B12E251998}.Ad-Hoc|iPhoneSimulator.ActiveCfg = Ad-Hoc|iPhoneSimulator
		{95DFC9C1-27FA-4894-B130-93B12E251998}.Ad-Hoc|iPhoneSimulator.Build.0 = Ad-Hoc|iPhoneSimulator
		{95DFC9C1-27FA-4894-B130-93B12E251998}.Ad-Hoc|iPhoneSimulator.Deploy.0 = Ad-Hoc|iPhoneSimulator
		{95DFC9C1-27FA-4894-B130-93B12E251998}.Ad-Hoc|x64.ActiveCfg = Ad-Hoc|iPhone
		{95DFC9C1-27FA-4894-B130-93B12E251998}.Ad-Hoc|x64.Build.0 = Ad-Hoc|iPhone
		{95DFC9C1-27FA-4894-B130-93B12E251998}.Ad-Hoc|x64.Deploy.0 = Ad-Hoc|iPhone
		{95DFC9C1-27FA-4894-B130-93B12E251998}.Ad-Hoc|x86.ActiveCfg = Ad-Hoc|iPhone
		{95DFC9C1-27FA-4894-B130-93B12E251998}.Ad-Hoc|x86.Build.0 = Ad-Hoc|iPhone
		{95DFC9C1-27FA-4894-B130-93B12E251998}.Ad-Hoc|x86.Deploy.0 = Ad-Hoc|iPhone
		{95DFC9C1-27FA-4894-B130-93B12E251998}.AppStore|Any CPU.ActiveCfg = AppStore|iPhone
		{95DFC9C1-27FA-4894-B130-93B12E251998}.AppStore|Any CPU.Build.0 = AppStore|iPhone
		{95DFC9C1-27FA-4894-B130-93B12E251998}.AppStore|Any CPU.Deploy.0 = AppStore|iPhone
		{95DFC9C1-27FA-4894-B130-93B12E251998}.AppStore|ARM.ActiveCfg = AppStore|iPhone
		{95DFC9C1-27FA-4894-B130-93B12E251998}.AppStore|ARM.Build.0 = AppStore|iPhone
		{95DFC9C1-27FA-4894-B130-93B12E251998}.AppStore|ARM.Deploy.0 = AppStore|iPhone
		{95DFC9C1-27FA-4894-B130-93B12E251998}.AppStore|iPhone.ActiveCfg = AppStore|iPhone
		{95DFC9C1-27FA-4894-B130-93B12E251998}.AppStore|iPhone.Build.0 = AppStore|iPhone
		{95DFC9C1-27FA-4894-B130-93B12E251998}.AppStore|iPhone.Deploy.0 = AppStore|iPhone
		{95DFC9C1-27FA-4894-B130-93B12E251998}.AppStore|iPhoneSimulator.ActiveCfg = AppStore|iPhoneSimulator
		{95DFC9C1-27FA-4894-B130-93B12E251998}.AppStore|iPhoneSimulator.Build.0 = AppStore|iPhoneSimulator
		{95DFC9C1-27FA-4894-B130-93B12E251998}.AppStore|iPhoneSimulator.Deploy.0 = AppStore|iPhoneSimulator
		{95DFC9C1-27FA-4894-B130-93B12E251998}.AppStore|x64.ActiveCfg = AppStore|iPhone
		{95DFC9C1-27FA-4894-B130-93B12E251998}.AppStore|x64.Build.0 = AppStore|iPhone
		{95DFC9C1-27FA-4894-B130-93B12E251998}.AppStore|x64.Deploy.0 = AppStore|iPhone
		{95DFC9C1-27FA-4894-B130-93B12E251998}.AppStore|x86.ActiveCfg = AppStore|iPhone
		{95DFC9C1-27FA-4894-B130-93B12E251998}.AppStore|x86.Build.0 = AppStore|iPhone
		{95DFC9C1-27FA-4894-B130-93B12E251998}.AppStore|x86.Deploy.0 = AppStore|iPhone
		{95DFC9C1-27FA-4894-B130-93B12E251998}.Debug|Any CPU.ActiveCfg = Debug|iPhoneSimulator
		{95DFC9C1-27FA-4894-B130-93B12E251998}.Debug|Any CPU.Build.0 = Debug|iPhoneSimulator
		{95DFC9C1-27FA-4894-B130-93B12E251998}.Debug|Any CPU.Deploy.0 = Debug|iPhoneSimulator
		{95DFC9C1-27FA-4894-B130-93B12E251998}.Debug|ARM.ActiveCfg = Debug|iPhone
		{95DFC9C1-27FA-4894-B130-93B12E251998}.Debug|ARM.Build.0 = Debug|iPhone
		{95DFC9C1-27FA-4894-B130-93B12E251998}.Debug|ARM.Deploy.0 = Debug|iPhone
		{95DFC9C1-27FA-4894-B130-93B12E251998}.Debug|iPhone.ActiveCfg = Debug|iPhone
		{95DFC9C1-27FA-4894-B130-93B12E251998}.Debug|iPhone.Build.0 = Debug|iPhone
		{95DFC9C1-27FA-4894-B130-93B12E251998}.Debug|iPhone.Deploy.0 = Debug|iPhone
		{95DFC9C1-27FA-4894-B130-93B12E251998}.Debug|iPhoneSimulator.ActiveCfg = Debug|iPhoneSimulator
		{95DFC9C1-27FA-4894-B130-93B12E251998}.Debug|iPhoneSimulator.Build.0 = Debug|iPhoneSimulator
		{95DFC9C1-27FA-4894-B130-93B12E251998}.Debug|iPhoneSimulator.Deploy.0 = Debug|iPhoneSimulator
		{95DFC9C1-27FA-4894-B130-93B12E251998}.Debug|x64.ActiveCfg = Debug|iPhone
		{95DFC9C1-27FA-4894-B130-93B12E251998}.Debug|x64.Build.0 = Debug|iPhone
		{95DFC9C1-27FA-4894-B130-93B12E251998}.Debug|x64.Deploy.0 = Debug|iPhone
		{95DFC9C1-27FA-4894-B130-93B12E251998}.Debug|x86.ActiveCfg = Debug|iPhone
		{95DFC9C1-27FA-4894-B130-93B12E251998}.Debug|x86.Build.0 = Debug|iPhone
		{95DFC9C1-27FA-4894-B130-93B12E251998}.Debug|x86.Deploy.0 = Debug|iPhone
		{95DFC9C1-27FA-4894-B130-93B12E251998}.Release|Any CPU.ActiveCfg = Release|iPhone
		{95DFC9C1-27FA-4894-B130-93B12E251998}.Release|Any CPU.Build.0 = Release|iPhone
		{95DFC9C1-27FA-4894-B130-93B12E251998}.Release|Any CPU.Deploy.0 = Release|iPhone
		{95DFC9C1-27FA-4894-B130-93B12E251998}.Release|ARM.ActiveCfg = Release|iPhone
		{95DFC9C1-27FA-4894-B130-93B12E251998}.Release|ARM.Build.0 = Release|iPhone
		{95DFC9C1-27FA-4894-B130-93B12E251998}.Release|ARM.Deploy.0 = Release|iPhone
		{95DFC9C1-27FA-4894-B130-93B12E251998}.Release|iPhone.ActiveCfg = Release|iPhone
		{95DFC9C1-27FA-4894-B130-93B12E251998}.Release|iPhone.Build.0 = Release|iPhone
		{95DFC9C1-27FA-4894-B130-93B12E251998}.Release|iPhone.Deploy.0 = Release|iPhone
		{95DFC9C1-27FA-4894-B130-93B12E251998}.Release|iPhoneSimulator.ActiveCfg = Release|iPhoneSimulator
		{95DFC9C1-27FA-4894-B130-93B12E251998}.Release|iPhoneSimulator.Build.0 = Release|iPhoneSimulator
		{95DFC9C1-27FA-4894-B130-93B12E251998}.Release|iPhoneSimulator.Deploy.0 = Release|iPhoneSimulator
		{95DFC9C1-27FA-4894-B130-93B12E251998}.Release|x64.ActiveCfg = Release|iPhone
		{95DFC9C1-27FA-4894-B130-93B12E251998}.Release|x64.Build.0 = Release|iPhone
		{95DFC9C1-27FA-4894-B130-93B12E251998}.Release|x64.Deploy.0 = Release|iPhone
		{95DFC9C1-27FA-4894-B130-93B12E251998}.Release|x86.ActiveCfg = Release|iPhone
		{95DFC9C1-27FA-4894-B130-93B12E251998}.Release|x86.Build.0 = Release|iPhone
		{95DFC9C1-27FA-4894-B130-93B12E251998}.Release|x86.Deploy.0 = Release|iPhone
		{61F7DB7D-4DC5-472A-95A9-EB647A228176}.Ad-Hoc|Any CPU.ActiveCfg = Release|x86
		{61F7DB7D-4DC5-472A-95A9-EB647A228176}.Ad-Hoc|Any CPU.Build.0 = Release|x86
		{61F7DB7D-4DC5-472A-95A9-EB647A228176}.Ad-Hoc|Any CPU.Deploy.0 = Release|x86
		{61F7DB7D-4DC5-472A-95A9-EB647A228176}.Ad-Hoc|ARM.ActiveCfg = Release|ARM
		{61F7DB7D-4DC5-472A-95A9-EB647A228176}.Ad-Hoc|ARM.Build.0 = Release|ARM
		{61F7DB7D-4DC5-472A-95A9-EB647A228176}.Ad-Hoc|ARM.Deploy.0 = Release|ARM
		{61F7DB7D-4DC5-472A-95A9-EB647A228176}.Ad-Hoc|iPhone.ActiveCfg = Release|x86
		{61F7DB7D-4DC5-472A-95A9-EB647A228176}.Ad-Hoc|iPhone.Build.0 = Release|x86
		{61F7DB7D-4DC5-472A-95A9-EB647A228176}.Ad-Hoc|iPhone.Deploy.0 = Release|x86
		{61F7DB7D-4DC5-472A-95A9-EB647A228176}.Ad-Hoc|iPhoneSimulator.ActiveCfg = Release|x86
		{61F7DB7D-4DC5-472A-95A9-EB647A228176}.Ad-Hoc|iPhoneSimulator.Build.0 = Release|x86
		{61F7DB7D-4DC5-472A-95A9-EB647A228176}.Ad-Hoc|iPhoneSimulator.Deploy.0 = Release|x86
		{61F7DB7D-4DC5-472A-95A9-EB647A228176}.Ad-Hoc|x64.ActiveCfg = Release|x64
		{61F7DB7D-4DC5-472A-95A9-EB647A228176}.Ad-Hoc|x64.Build.0 = Release|x64
		{61F7DB7D-4DC5-472A-95A9-EB647A228176}.Ad-Hoc|x64.Deploy.0 = Release|x64
		{61F7DB7D-4DC5-472A-95A9-EB647A228176}.Ad-Hoc|x86.ActiveCfg = Release|x86
		{61F7DB7D-4DC5-472A-95A9-EB647A228176}.Ad-Hoc|x86.Build.0 = Release|x86
		{61F7DB7D-4DC5-472A-95A9-EB647A228176}.Ad-Hoc|x86.Deploy.0 = Release|x86
		{61F7DB7D-4DC5-472A-95A9-EB647A228176}.AppStore|Any CPU.ActiveCfg = Release|x86
		{61F7DB7D-4DC5-472A-95A9-EB647A228176}.AppStore|Any CPU.Build.0 = Release|x86
		{61F7DB7D-4DC5-472A-95A9-EB647A228176}.AppStore|Any CPU.Deploy.0 = Release|x86
		{61F7DB7D-4DC5-472A-95A9-EB647A228176}.AppStore|ARM.ActiveCfg = Release|ARM
		{61F7DB7D-4DC5-472A-95A9-EB647A228176}.AppStore|ARM.Build.0 = Release|ARM
		{61F7DB7D-4DC5-472A-95A9-EB647A228176}.AppStore|ARM.Deploy.0 = Release|ARM
		{61F7DB7D-4DC5-472A-95A9-EB647A228176}.AppStore|iPhone.ActiveCfg = Release|x86
		{61F7DB7D-4DC5-472A-95A9-EB647A228176}.AppStore|iPhone.Build.0 = Release|x86
		{61F7DB7D-4DC5-472A-95A9-EB647A228176}.AppStore|iPhone.Deploy.0 = Release|x86
		{61F7DB7D-4DC5-472A-95A9-EB647A228176}.AppStore|iPhoneSimulator.ActiveCfg = Release|x86
		{61F7DB7D-4DC5-472A-95A9-EB647A228176}.AppStore|iPhoneSimulator.Build.0 = Release|x86
		{61F7DB7D-4DC5-472A-95A9-EB647A228176}.AppStore|iPhoneSimulator.Deploy.0 = Release|x86
		{61F7DB7D-4DC5-472A-95A9-EB647A228176}.AppStore|x64.ActiveCfg = Release|x64
		{61F7DB7D-4DC5-472A-95A9-EB647A228176}.AppStore|x64.Build.0 = Release|x64
		{61F7DB7D-4DC5-472A-95A9-EB647A228176}.AppStore|x64.Deploy.0 = Release|x64
		{61F7DB7D-4DC5-472A-95A9-EB647A228176}.AppStore|x86.ActiveCfg = Release|x86
		{61F7DB7D-4DC5-472A-95A9-EB647A228176}.AppStore|x86.Build.0 = Release|x86
		{61F7DB7D-4DC5-472A-95A9-EB647A228176}.AppStore|x86.Deploy.0 = Release|x86
		{61F7DB7D-4DC5-472A-95A9-EB647A228176}.Debug|Any CPU.ActiveCfg = Debug|x86
		{61F7DB7D-4DC5-472A-95A9-EB647A228176}.Debug|Any CPU.Build.0 = Debug|x86
		{61F7DB7D-4DC5-472A-95A9-EB647A228176}.Debug|Any CPU.Deploy.0 = Debug|x86
		{61F7DB7D-4DC5-472A-95A9-EB647A228176}.Debug|ARM.ActiveCfg = Debug|ARM
		{61F7DB7D-4DC5-472A-95A9-EB647A228176}.Debug|ARM.Build.0 = Debug|ARM
		{61F7DB7D-4DC5-472A-95A9-EB647A228176}.Debug|ARM.Deploy.0 = Debug|ARM
		{61F7DB7D-4DC5-472A-95A9-EB647A228176}.Debug|iPhone.ActiveCfg = Debug|x86
		{61F7DB7D-4DC5-472A-95A9-EB647A228176}.Debug|iPhone.Build.0 = Debug|x86
		{61F7DB7D-4DC5-472A-95A9-EB647A228176}.Debug|iPhone.Deploy.0 = Debug|x86
		{61F7DB7D-4DC5-472A-95A9-EB647A228176}.Debug|iPhoneSimulator.ActiveCfg = Debug|x86
		{61F7DB7D-4DC5-472A-95A9-EB647A228176}.Debug|iPhoneSimulator.Build.0 = Debug|x86
		{61F7DB7D-4DC5-472A-95A9-EB647A228176}.Debug|iPhoneSimulator.Deploy.0 = Debug|x86
		{61F7DB7D-4DC5-472A-95A9-EB647A228176}.Debug|x64.ActiveCfg = Debug|x64
		{61F7DB7D-4DC5-472A-95A9-EB647A228176}.Debug|x64.Build.0 = Debug|x64
		{61F7DB7D-4DC5-472A-95A9-EB647A228176}.Debug|x64.Deploy.0 = Debug|x64
		{61F7DB7D-4DC5-472A-95A9-EB647A228176}.Debug|x86.ActiveCfg = Debug|x86
		{61F7DB7D-4DC5-472A-95A9-EB647A228176}.Debug|x86.Build.0 = Debug|x86
		{61F7DB7D-4DC5-472A-95A9-EB647A228176}.Debug|x86.Deploy.0 = Debug|x86
		{61F7DB7D-4DC5-472A-95A9-EB647A228176}.Release|Any CPU.ActiveCfg = Release|x86
		{61F7DB7D-4DC5-472A-95A9-EB647A228176}.Release|Any CPU.Build.0 = Release|x86
		{61F7DB7D-4DC5-472A-95A9-EB647A228176}.Release|Any CPU.Deploy.0 = Release|x86
		{61F7DB7D-4DC5-472A-95A9-EB647A228176}.Release|ARM.ActiveCfg = Release|ARM
		{61F7DB7D-4DC5-472A-95A9-EB647A228176}.Release|ARM.Build.0 = Release|ARM
		{61F7DB7D-4DC5-472A-95A9-EB647A228176}.Release|ARM.Deploy.0 = Release|ARM
		{61F7DB7D-4DC5-472A-95A9-EB647A228176}.Release|iPhone.ActiveCfg = Release|x86
		{61F7DB7D-4DC5-472A-95A9-EB647A228176}.Release|iPhone.Build.0 = Release|x86
		{61F7DB7D-4DC5-472A-95A9-EB647A228176}.Release|iPhone.Deploy.0 = Release|x86
		{61F7DB7D-4DC5-472A-95A9-EB647A228176}.Release|iPhoneSimulator.ActiveCfg = Release|x86
		{61F7DB7D-4DC5-472A-95A9-EB647A228176}.Release|iPhoneSimulator.Build.0 = Release|x86
		{61F7DB7D-4DC5-472A-95A9-EB647A228176}.Release|iPhoneSimulator.Deploy.0 = Release|x86
		{61F7DB7D-4DC5-472A-95A9-EB647A228176}.Release|x64.ActiveCfg = Release|x64
		{61F7DB7D-4DC5-472A-95A9-EB647A228176}.Release|x64.Build.0 = Release|x64
		{61F7DB7D-4DC5-472A-95A9-EB647A228176}.Release|x64.Deploy.0 = Release|x64
		{61F7DB7D-4DC5-472A-95A9-EB647A228176}.Release|x86.ActiveCfg = Release|x86
		{61F7DB7D-4DC5-472A-95A9-EB647A228176}.Release|x86.Build.0 = Release|x86
		{61F7DB7D-4DC5-472A-95A9-EB647A228176}.Release|x86.Deploy.0 = Release|x86
		{E4AE680C-75E5-465E-99E9-B2F3D94C1081}.Ad-Hoc|Any CPU.ActiveCfg = Debug|Any CPU
		{E4AE680C-75E5-465E-99E9-B2F3D94C1081}.Ad-Hoc|Any CPU.Build.0 = Debug|Any CPU
		{E4AE680C-75E5-465E-99E9-B2F3D94C1081}.Ad-Hoc|Any CPU.Deploy.0 = Debug|Any CPU
		{E4AE680C-75E5-465E-99E9-B2F3D94C1081}.Ad-Hoc|ARM.ActiveCfg = Debug|Any CPU
		{E4AE680C-75E5-465E-99E9-B2F3D94C1081}.Ad-Hoc|ARM.Build.0 = Debug|Any CPU
		{E4AE680C-75E5-465E-99E9-B2F3D94C1081}.Ad-Hoc|ARM.Deploy.0 = Debug|Any CPU
		{E4AE680C-75E5-465E-99E9-B2F3D94C1081}.Ad-Hoc|iPhone.ActiveCfg = Debug|Any CPU
		{E4AE680C-75E5-465E-99E9-B2F3D94C1081}.Ad-Hoc|iPhone.Build.0 = Debug|Any CPU
		{E4AE680C-75E5-465E-99E9-B2F3D94C1081}.Ad-Hoc|iPhone.Deploy.0 = Debug|Any CPU
		{E4AE680C-75E5-465E-99E9-B2F3D94C1081}.Ad-Hoc|iPhoneSimulator.ActiveCfg = Debug|Any CPU
		{E4AE680C-75E5-465E-99E9-B2F3D94C1081}.Ad-Hoc|iPhoneSimulator.Build.0 = Debug|Any CPU
		{E4AE680C-75E5-465E-99E9-B2F3D94C1081}.Ad-Hoc|iPhoneSimulator.Deploy.0 = Debug|Any CPU
		{E4AE680C-75E5-465E-99E9-B2F3D94C1081}.Ad-Hoc|x64.ActiveCfg = Debug|Any CPU
		{E4AE680C-75E5-465E-99E9-B2F3D94C1081}.Ad-Hoc|x64.Build.0 = Debug|Any CPU
		{E4AE680C-75E5-465E-99E9-B2F3D94C1081}.Ad-Hoc|x64.Deploy.0 = Debug|Any CPU
		{E4AE680C-75E5-465E-99E9-B2F3D94C1081}.Ad-Hoc|x86.ActiveCfg = Debug|Any CPU
		{E4AE680C-75E5-465E-99E9-B2F3D94C1081}.Ad-Hoc|x86.Build.0 = Debug|Any CPU
		{E4AE680C-75E5-465E-99E9-B2F3D94C1081}.Ad-Hoc|x86.Deploy.0 = Debug|Any CPU
		{E4AE680C-75E5-465E-99E9-B2F3D94C1081}.AppStore|Any CPU.ActiveCfg = Debug|Any CPU
		{E4AE680C-75E5-465E-99E9-B2F3D94C1081}.AppStore|Any CPU.Build.0 = Debug|Any CPU
		{E4AE680C-75E5-465E-99E9-B2F3D94C1081}.AppStore|Any CPU.Deploy.0 = Debug|Any CPU
		{E4AE680C-75E5-465E-99E9-B2F3D94C1081}.AppStore|ARM.ActiveCfg = Debug|Any CPU
		{E4AE680C-75E5-465E-99E9-B2F3D94C1081}.AppStore|ARM.Build.0 = Debug|Any CPU
		{E4AE680C-75E5-465E-99E9-B2F3D94C1081}.AppStore|ARM.Deploy.0 = Debug|Any CPU
		{E4AE680C-75E5-465E-99E9-B2F3D94C1081}.AppStore|iPhone.ActiveCfg = Debug|Any CPU
		{E4AE680C-75E5-465E-99E9-B2F3D94C1081}.AppStore|iPhone.Build.0 = Debug|Any CPU
		{E4AE680C-75E5-465E-99E9-B2F3D94C1081}.AppStore|iPhone.Deploy.0 = Debug|Any CPU
		{E4AE680C-75E5-465E-99E9-B2F3D94C1081}.AppStore|iPhoneSimulator.ActiveCfg = Debug|Any CPU
		{E4AE680C-75E5-465E-99E9-B2F3D94C1081}.AppStore|iPhoneSimulator.Build.0 = Debug|Any CPU
		{E4AE680C-75E5-465E-99E9-B2F3D94C1081}.AppStore|iPhoneSimulator.Deploy.0 = Debug|Any CPU
		{E4AE680C-75E5-465E-99E9-B2F3D94C1081}.AppStore|x64.ActiveCfg = Debug|Any CPU
		{E4AE680C-75E5-465E-99E9-B2F3D94C1081}.AppStore|x64.Build.0 = Debug|Any CPU
		{E4AE680C-75E5-465E-99E9-B2F3D94C1081}.AppStore|x64.Deploy.0 = Debug|Any CPU
		{E4AE680C-75E5-465E-99E9-B2F3D94C1081}.AppStore|x86.ActiveCfg = Debug|Any CPU
		{E4AE680C-75E5-465E-99E9-B2F3D94C1081}.AppStore|x86.Build.0 = Debug|Any CPU
		{E4AE680C-75E5-465E-99E9-B2F3D94C1081}.AppStore|x86.Deploy.0 = Debug|Any CPU
		{E4AE680C-75E5-465E-99E9-B2F3D94C1081}.Debug|Any CPU.ActiveCfg = Debug|Any CPU
		{E4AE680C-75E5-465E-99E9-B2F3D94C1081}.Debug|Any CPU.Build.0 = Debug|Any CPU
		{E4AE680C-75E5-465E-99E9-B2F3D94C1081}.Debug|Any CPU.Deploy.0 = Debug|Any CPU
		{E4AE680C-75E5-465E-99E9-B2F3D94C1081}.Debug|ARM.ActiveCfg = Debug|Any CPU
		{E4AE680C-75E5-465E-99E9-B2F3D94C1081}.Debug|ARM.Build.0 = Debug|Any CPU
		{E4AE680C-75E5-465E-99E9-B2F3D94C1081}.Debug|ARM.Deploy.0 = Debug|Any CPU
		{E4AE680C-75E5-465E-99E9-B2F3D94C1081}.Debug|iPhone.ActiveCfg = Debug|Any CPU
		{E4AE680C-75E5-465E-99E9-B2F3D94C1081}.Debug|iPhone.Build.0 = Debug|Any CPU
		{E4AE680C-75E5-465E-99E9-B2F3D94C1081}.Debug|iPhone.Deploy.0 = Debug|Any CPU
		{E4AE680C-75E5-465E-99E9-B2F3D94C1081}.Debug|iPhoneSimulator.ActiveCfg = Debug|Any CPU
		{E4AE680C-75E5-465E-99E9-B2F3D94C1081}.Debug|iPhoneSimulator.Build.0 = Debug|Any CPU
		{E4AE680C-75E5-465E-99E9-B2F3D94C1081}.Debug|iPhoneSimulator.Deploy.0 = Debug|Any CPU
		{E4AE680C-75E5-465E-99E9-B2F3D94C1081}.Debug|x64.ActiveCfg = Debug|Any CPU
		{E4AE680C-75E5-465E-99E9-B2F3D94C1081}.Debug|x64.Build.0 = Debug|Any CPU
		{E4AE680C-75E5-465E-99E9-B2F3D94C1081}.Debug|x64.Deploy.0 = Debug|Any CPU
		{E4AE680C-75E5-465E-99E9-B2F3D94C1081}.Debug|x86.ActiveCfg = Debug|Any CPU
		{E4AE680C-75E5-465E-99E9-B2F3D94C1081}.Debug|x86.Build.0 = Debug|Any CPU
		{E4AE680C-75E5-465E-99E9-B2F3D94C1081}.Debug|x86.Deploy.0 = Debug|Any CPU
		{E4AE680C-75E5-465E-99E9-B2F3D94C1081}.Release|Any CPU.ActiveCfg = Release|Any CPU
		{E4AE680C-75E5-465E-99E9-B2F3D94C1081}.Release|Any CPU.Build.0 = Release|Any CPU
		{E4AE680C-75E5-465E-99E9-B2F3D94C1081}.Release|Any CPU.Deploy.0 = Release|Any CPU
		{E4AE680C-75E5-465E-99E9-B2F3D94C1081}.Release|ARM.ActiveCfg = Release|Any CPU
		{E4AE680C-75E5-465E-99E9-B2F3D94C1081}.Release|ARM.Build.0 = Release|Any CPU
		{E4AE680C-75E5-465E-99E9-B2F3D94C1081}.Release|ARM.Deploy.0 = Release|Any CPU
		{E4AE680C-75E5-465E-99E9-B2F3D94C1081}.Release|iPhone.ActiveCfg = Release|Any CPU
		{E4AE680C-75E5-465E-99E9-B2F3D94C1081}.Release|iPhone.Build.0 = Release|Any CPU
		{E4AE680C-75E5-465E-99E9-B2F3D94C1081}.Release|iPhone.Deploy.0 = Release|Any CPU
		{E4AE680C-75E5-465E-99E9-B2F3D94C1081}.Release|iPhoneSimulator.ActiveCfg = Release|Any CPU
		{E4AE680C-75E5-465E-99E9-B2F3D94C1081}.Release|iPhoneSimulator.Build.0 = Release|Any CPU
		{E4AE680C-75E5-465E-99E9-B2F3D94C1081}.Release|iPhoneSimulator.Deploy.0 = Release|Any CPU
		{E4AE680C-75E5-465E-99E9-B2F3D94C1081}.Release|x64.ActiveCfg = Release|Any CPU
		{E4AE680C-75E5-465E-99E9-B2F3D94C1081}.Release|x64.Build.0 = Release|Any CPU
		{E4AE680C-75E5-465E-99E9-B2F3D94C1081}.Release|x64.Deploy.0 = Release|Any CPU
		{E4AE680C-75E5-465E-99E9-B2F3D94C1081}.Release|x86.ActiveCfg = Release|Any CPU
		{E4AE680C-75E5-465E-99E9-B2F3D94C1081}.Release|x86.Build.0 = Release|Any CPU
		{E4AE680C-75E5-465E-99E9-B2F3D94C1081}.Release|x86.Deploy.0 = Release|Any CPU
	EndGlobalSection
	GlobalSection(SolutionProperties) = preSolution
		HideSolutionNode = FALSE
	EndGlobalSection
	GlobalSection(ExtensibilityGlobals) = postSolution
		SolutionGuid = {DF29056F-0BC6-44D0-947F-8D19B57A7678}
	EndGlobalSection
EndGlobal
